
Microsoft Visual Studio Solution File, Format Version 12.00
# Visual Studio Version 17
VisualStudioVersion = 17.6.33829.357
MinimumVisualStudioVersion = 10.0.40219.1
Project("{FAE04EC0-301F-11D3-BF4B-00C04F79EFBC}") = "RisLibNet", "RisLibNet.csproj", "{42D946C9-807A-4022-AE54-45B546B3A36F}"
EndProject
Project("{FAE04EC0-301F-11D3-BF4B-00C04F79EFBC}") = "Test", "..\Test\Test.csproj", "{14A57E8B-5717-4C2C-84CC-CCF7354B13CA}"
EndProject
Global
	GlobalSection(SolutionConfigurationPlatforms) = preSolution
		Debug|Any CPU = Debug|Any CPU
		Release|Any CPU = Release|Any CPU
	EndGlobalSection
	GlobalSection(ProjectConfigurationPlatforms) = postSolution
		{42D946C9-807A-4022-AE54-45B546B3A36F}.Debug|Any CPU.ActiveCfg = Debug|Any CPU
		{42D946C9-807A-4022-AE54-45B546B3A36F}.Debug|Any CPU.Build.0 = Debug|Any CPU
		{42D946C9-807A-4022-AE54-45B546B3A36F}.Release|Any CPU.ActiveCfg = Release|Any CPU
		{42D946C9-807A-4022-AE54-45B546B3A36F}.Release|Any CPU.Build.0 = Release|Any CPU
		{14A57E8B-5717-4C2C-84CC-CCF7354B13CA}.Debug|Any CPU.ActiveCfg = Debug|Any CPU
		{14A57E8B-5717-4C2C-84CC-CCF7354B13CA}.Debug|Any CPU.Build.0 = Debug|Any CPU
		{14A57E8B-5717-4C2C-84CC-CCF7354B13CA}.Release|Any CPU.ActiveCfg = Release|Any CPU
		{14A57E8B-5717-4C2C-84CC-CCF7354B13CA}.Release|Any CPU.Build.0 = Release|Any CPU
	EndGlobalSection
	GlobalSection(SolutionProperties) = preSolution
		HideSolutionNode = FALSE
	EndGlobalSection
	GlobalSection(ExtensibilityGlobals) = postSolution
		SolutionGuid = {3F938A62-5CE9-4F76-B855-22F20B69D06C}
	EndGlobalSection
EndGlobal
