
Microsoft Visual Studio Solution File, Format Version 12.00
# Visual Studio Version 17
VisualStudioVersion = 17.6.33829.357
MinimumVisualStudioVersion = 10.0.40219.1
Project("{9A19103F-16F7-4668-BE54-9A1E7A4F7556}") = "RisLibNet", "RisLibNet\RisLibNet.csproj", "{BABA5E55-996B-42B3-B9EF-D6366E2620C7}"
EndProject
Project("{9A19103F-16F7-4668-BE54-9A1E7A4F7556}") = "Test", "Test\Test.csproj", "{70D625E4-ED21-4E33-A2F8-483076D880D0}"
EndProject
Global
	GlobalSection(SolutionConfigurationPlatforms) = preSolution
		Debug|Any CPU = Debug|Any CPU
		Debug|x64 = Debug|x64
		Release|Any CPU = Release|Any CPU
		Release|x64 = Release|x64
	EndGlobalSection
	GlobalSection(ProjectConfigurationPlatforms) = postSolution
		{BABA5E55-996B-42B3-B9EF-D6366E2620C7}.Debug|Any CPU.ActiveCfg = Debug|Any CPU
		{BABA5E55-996B-42B3-B9EF-D6366E2620C7}.Debug|Any CPU.Build.0 = Debug|Any CPU
		{BABA5E55-996B-42B3-B9EF-D6366E2620C7}.Debug|x64.ActiveCfg = Debug|x64
		{BABA5E55-996B-42B3-B9EF-D6366E2620C7}.Debug|x64.Build.0 = Debug|x64
		{BABA5E55-996B-42B3-B9EF-D6366E2620C7}.Release|Any CPU.ActiveCfg = Release|Any CPU
		{BABA5E55-996B-42B3-B9EF-D6366E2620C7}.Release|Any CPU.Build.0 = Release|Any CPU
		{BABA5E55-996B-42B3-B9EF-D6366E2620C7}.Release|x64.ActiveCfg = Release|x64
		{BABA5E55-996B-42B3-B9EF-D6366E2620C7}.Release|x64.Build.0 = Release|x64
		{70D625E4-ED21-4E33-A2F8-483076D880D0}.Debug|Any CPU.ActiveCfg = Debug|Any CPU
		{70D625E4-ED21-4E33-A2F8-483076D880D0}.Debug|Any CPU.Build.0 = Debug|Any CPU
		{70D625E4-ED21-4E33-A2F8-483076D880D0}.Debug|x64.ActiveCfg = Debug|Any CPU
		{70D625E4-ED21-4E33-A2F8-483076D880D0}.Debug|x64.Build.0 = Debug|Any CPU
		{70D625E4-ED21-4E33-A2F8-483076D880D0}.Release|Any CPU.ActiveCfg = Release|Any CPU
		{70D625E4-ED21-4E33-A2F8-483076D880D0}.Release|Any CPU.Build.0 = Release|Any CPU
		{70D625E4-ED21-4E33-A2F8-483076D880D0}.Release|x64.ActiveCfg = Release|Any CPU
		{70D625E4-ED21-4E33-A2F8-483076D880D0}.Release|x64.Build.0 = Release|Any CPU
	EndGlobalSection
	GlobalSection(SolutionProperties) = preSolution
		HideSolutionNode = FALSE
	EndGlobalSection
	GlobalSection(ExtensibilityGlobals) = postSolution
		SolutionGuid = {DCFE79B5-AC5C-4182-AE50-C226ED0AE6D8}
	EndGlobalSection
EndGlobal
